
Microsoft Visual Studio Solution File, Format Version 12.00
# Visual Studio Version 17
VisualStudioVersion = 17.10.35013.160
MinimumVisualStudioVersion = 10.0.40219.1
Project("{FAE04EC0-301F-11D3-BF4B-00C04F79EFBC}") = "maui.boozer", "maui.boozer.csproj", "{53227A23-2CA6-4608-963D-6D7CCB351093}"
EndProject
Global
	GlobalSection(SolutionConfigurationPlatforms) = preSolution
		Debug|Any CPU = Debug|Any CPU
		Release|Any CPU = Release|Any CPU
	EndGlobalSection
	GlobalSection(ProjectConfigurationPlatforms) = postSolution
		{53227A23-2CA6-4608-963D-6D7CCB351093}.Debug|Any CPU.ActiveCfg = Debug|Any CPU
		{53227A23-2CA6-4608-963D-6D7CCB351093}.Debug|Any CPU.Build.0 = Debug|Any CPU
		{53227A23-2CA6-4608-963D-6D7CCB351093}.Debug|Any CPU.Deploy.0 = Debug|Any CPU
		{53227A23-2CA6-4608-963D-6D7CCB351093}.Release|Any CPU.ActiveCfg = Release|Any CPU
		{53227A23-2CA6-4608-963D-6D7CCB351093}.Release|Any CPU.Build.0 = Release|Any CPU
		{53227A23-2CA6-4608-963D-6D7CCB351093}.Release|Any CPU.Deploy.0 = Release|Any CPU
	EndGlobalSection
	GlobalSection(SolutionProperties) = preSolution
		HideSolutionNode = FALSE
	EndGlobalSection
	GlobalSection(ExtensibilityGlobals) = postSolution
		SolutionGuid = {01405ACA-1B14-4B54-8E3A-544624B3DBB0}
	EndGlobalSection
EndGlobal
